
Microsoft Visual Studio Solution File, Format Version 12.00
# Visual Studio Version 17
VisualStudioVersion = 17.14.36109.1 d17.14
MinimumVisualStudioVersion = 10.0.40219.1
Project("{FAE04EC0-301F-11D3-BF4B-00C04F79EFBC}") = "TestePIM", "TestePIM\TestePIM.csproj", "{C0164823-BE89-4B90-830F-58599527B100}"
EndProject
Global
	GlobalSection(SolutionConfigurationPlatforms) = preSolution
		Debug|Any CPU = Debug|Any CPU
		Release|Any CPU = Release|Any CPU
	EndGlobalSection
	GlobalSection(ProjectConfigurationPlatforms) = postSolution
		{C0164823-BE89-4B90-830F-58599527B100}.Debug|Any CPU.ActiveCfg = Debug|Any CPU
		{C0164823-BE89-4B90-830F-58599527B100}.Debug|Any CPU.Build.0 = Debug|Any CPU
		{C0164823-BE89-4B90-830F-58599527B100}.Release|Any CPU.ActiveCfg = Release|Any CPU
		{C0164823-BE89-4B90-830F-58599527B100}.Release|Any CPU.Build.0 = Release|Any CPU
	EndGlobalSection
	GlobalSection(SolutionProperties) = preSolution
		HideSolutionNode = FALSE
	EndGlobalSection
	GlobalSection(ExtensibilityGlobals) = postSolution
		SolutionGuid = {160BBAAB-5F91-4469-846F-54E624D38EE6}
	EndGlobalSection
EndGlobal
